
Microsoft Visual Studio Solution File, Format Version 12.00
# Visual Studio Version 17
VisualStudioVersion = 17.0.32112.339
MinimumVisualStudioVersion = 10.0.40219.1
Project("{FAE04EC0-301F-11D3-BF4B-00C04F79EFBC}") = "SqliteAppEx", "SqliteAppEx\SqliteAppEx.csproj", "{D8BD8301-DEA6-4915-984B-2D1280068A21}"
EndProject
Global
	GlobalSection(SolutionConfigurationPlatforms) = preSolution
		Debug|Any CPU = Debug|Any CPU
		Release|Any CPU = Release|Any CPU
	EndGlobalSection
	GlobalSection(ProjectConfigurationPlatforms) = postSolution
		{D8BD8301-DEA6-4915-984B-2D1280068A21}.Debug|Any CPU.ActiveCfg = Debug|Any CPU
		{D8BD8301-DEA6-4915-984B-2D1280068A21}.Debug|Any CPU.Build.0 = Debug|Any CPU
		{D8BD8301-DEA6-4915-984B-2D1280068A21}.Debug|Any CPU.Deploy.0 = Debug|Any CPU
		{D8BD8301-DEA6-4915-984B-2D1280068A21}.Release|Any CPU.ActiveCfg = Release|Any CPU
		{D8BD8301-DEA6-4915-984B-2D1280068A21}.Release|Any CPU.Build.0 = Release|Any CPU
		{D8BD8301-DEA6-4915-984B-2D1280068A21}.Release|Any CPU.Deploy.0 = Release|Any CPU
	EndGlobalSection
	GlobalSection(SolutionProperties) = preSolution
		HideSolutionNode = FALSE
	EndGlobalSection
	GlobalSection(ExtensibilityGlobals) = postSolution
		SolutionGuid = {5940BDE8-2F60-433A-B219-233A27EF0DEE}
	EndGlobalSection
EndGlobal
